
Microsoft Visual Studio Solution File, Format Version 12.00
# Visual Studio Version 16
VisualStudioVersion = 16.0.30114.105
MinimumVisualStudioVersion = 10.0.40219.1
Project("{9A19103F-16F7-4668-BE54-9A1E7A4F7556}") = "CappuccinoLibrary", "CappuccinoLiblary\CappuccinoLibrary.csproj", "{57264E31-F1C1-4AF3-8499-891202EFC329}"
EndProject
Project("{9A19103F-16F7-4668-BE54-9A1E7A4F7556}") = "VirusFight", "VirusFight\VirusFight.csproj", "{EF8D8C37-2CC0-4B54-8427-A8BB857DB443}"
EndProject
Project("{9A19103F-16F7-4668-BE54-9A1E7A4F7556}") = "VirusFightCUI", "VirusFightCUI\VirusFightCUI.csproj", "{1A59C3DE-247A-41EE-B768-ECCC16512829}"
EndProject
Project("{FAE04EC0-301F-11D3-BF4B-00C04F79EFBC}") = "RmRpg", "RmRpg\RmRpg.csproj", "{E9D48CC4-2CE1-4976-A42E-B7B4DB17155B}"
EndProject
Global
	GlobalSection(SolutionConfigurationPlatforms) = preSolution
		Debug|Any CPU = Debug|Any CPU
		Release|Any CPU = Release|Any CPU
	EndGlobalSection
	GlobalSection(ProjectConfigurationPlatforms) = postSolution
		{57264E31-F1C1-4AF3-8499-891202EFC329}.Debug|Any CPU.ActiveCfg = Debug|Any CPU
		{57264E31-F1C1-4AF3-8499-891202EFC329}.Debug|Any CPU.Build.0 = Debug|Any CPU
		{57264E31-F1C1-4AF3-8499-891202EFC329}.Release|Any CPU.ActiveCfg = Release|Any CPU
		{57264E31-F1C1-4AF3-8499-891202EFC329}.Release|Any CPU.Build.0 = Release|Any CPU
		{EF8D8C37-2CC0-4B54-8427-A8BB857DB443}.Debug|Any CPU.ActiveCfg = Debug|Any CPU
		{EF8D8C37-2CC0-4B54-8427-A8BB857DB443}.Debug|Any CPU.Build.0 = Debug|Any CPU
		{EF8D8C37-2CC0-4B54-8427-A8BB857DB443}.Release|Any CPU.ActiveCfg = Release|Any CPU
		{EF8D8C37-2CC0-4B54-8427-A8BB857DB443}.Release|Any CPU.Build.0 = Release|Any CPU
		{1A59C3DE-247A-41EE-B768-ECCC16512829}.Debug|Any CPU.ActiveCfg = Debug|Any CPU
		{1A59C3DE-247A-41EE-B768-ECCC16512829}.Debug|Any CPU.Build.0 = Debug|Any CPU
		{1A59C3DE-247A-41EE-B768-ECCC16512829}.Release|Any CPU.ActiveCfg = Release|Any CPU
		{1A59C3DE-247A-41EE-B768-ECCC16512829}.Release|Any CPU.Build.0 = Release|Any CPU
		{E9D48CC4-2CE1-4976-A42E-B7B4DB17155B}.Debug|Any CPU.ActiveCfg = Debug|Any CPU
		{E9D48CC4-2CE1-4976-A42E-B7B4DB17155B}.Debug|Any CPU.Build.0 = Debug|Any CPU
		{E9D48CC4-2CE1-4976-A42E-B7B4DB17155B}.Release|Any CPU.ActiveCfg = Release|Any CPU
		{E9D48CC4-2CE1-4976-A42E-B7B4DB17155B}.Release|Any CPU.Build.0 = Release|Any CPU
	EndGlobalSection
	GlobalSection(SolutionProperties) = preSolution
		HideSolutionNode = FALSE
	EndGlobalSection
	GlobalSection(ExtensibilityGlobals) = postSolution
		SolutionGuid = {83176ABA-BE6B-45B5-A6C8-F1EB4B2454C2}
	EndGlobalSection
EndGlobal
